
Microsoft Visual Studio Solution File, Format Version 12.00
# Visual Studio Version 17
VisualStudioVersion = 17.1.32421.90
MinimumVisualStudioVersion = 10.0.40219.1
Project("{FAE04EC0-301F-11D3-BF4B-00C04F79EFBC}") = "PedraPapelTixeira", "PedraPapelTixeira\PedraPapelTixeira.csproj", "{243C0B32-4DFB-46AF-B54C-38BDE9E3E724}"
EndProject
Global
	GlobalSection(SolutionConfigurationPlatforms) = preSolution
		Debug|Any CPU = Debug|Any CPU
		Release|Any CPU = Release|Any CPU
	EndGlobalSection
	GlobalSection(ProjectConfigurationPlatforms) = postSolution
		{243C0B32-4DFB-46AF-B54C-38BDE9E3E724}.Debug|Any CPU.ActiveCfg = Debug|Any CPU
		{243C0B32-4DFB-46AF-B54C-38BDE9E3E724}.Debug|Any CPU.Build.0 = Debug|Any CPU
		{243C0B32-4DFB-46AF-B54C-38BDE9E3E724}.Release|Any CPU.ActiveCfg = Release|Any CPU
		{243C0B32-4DFB-46AF-B54C-38BDE9E3E724}.Release|Any CPU.Build.0 = Release|Any CPU
	EndGlobalSection
	GlobalSection(SolutionProperties) = preSolution
		HideSolutionNode = FALSE
	EndGlobalSection
	GlobalSection(ExtensibilityGlobals) = postSolution
		SolutionGuid = {A41DB6DC-900C-4E6E-8157-B3E3B6634BE1}
	EndGlobalSection
EndGlobal
